// !$*UTF8*$!
{
	archiveVersion = 1;
	classes = {
	};
	objectVersion = 46;
	objects = {

/* Begin PBXBuildFile section */
		00B5B12D1C5B3CEB00972097 /* AppDelegate.swift in Sources */ = {isa = PBXBuildFile; fileRef = 00B5B12C1C5B3CEB00972097 /* AppDelegate.swift */; };
		00B5B12F1C5B3CEB00972097 /* ViewController.swift in Sources */ = {isa = PBXBuildFile; fileRef = 00B5B12E1C5B3CEB00972097 /* ViewController.swift */; };
		00B5B1321C5B3CEB00972097 /* Main.storyboard in Resources */ = {isa = PBXBuildFile; fileRef = 00B5B1301C5B3CEB00972097 /* Main.storyboard */; };
		00B5B1341C5B3CEB00972097 /* Assets.xcassets in Resources */ = {isa = PBXBuildFile; fileRef = 00B5B1331C5B3CEB00972097 /* Assets.xcassets */; };
		00B5B1371C5B3CEB00972097 /* LaunchScreen.storyboard in Resources */ = {isa = PBXBuildFile; fileRef = 00B5B1351C5B3CEB00972097 /* LaunchScreen.storyboard */; };
		00B5B1421C5B3CEB00972097 /* ASCII_DucksTests.swift in Sources */ = {isa = PBXBuildFile; fileRef = 00B5B1411C5B3CEB00972097 /* ASCII_DucksTests.swift */; };
		00B5B1651C5B3D9700972097 /* ReSwift.framework in Frameworks */ = {isa = PBXBuildFile; fileRef = 00B5B1581C5B3D7D00972097 /* ReSwift.framework */; };
		00B5B1661C5B3D9700972097 /* ReSwift.framework in Embed Frameworks */ = {isa = PBXBuildFile; fileRef = 00B5B1581C5B3D7D00972097 /* ReSwift.framework */; settings = {ATTRIBUTES = (CodeSignOnCopy, RemoveHeadersOnCopy, ); }; };
		00B5B16E1C5B436900972097 /* AppState.swift in Sources */ = {isa = PBXBuildFile; fileRef = 00B5B16D1C5B436900972097 /* AppState.swift */; };
		00B5B1701C5B4AB600972097 /* ScreenNavigationAction.swift in Sources */ = {isa = PBXBuildFile; fileRef = 00B5B16F1C5B4AB600972097 /* ScreenNavigationAction.swift */; };
		00B5B1721C5B4BE000972097 /* ScreenReducer.swift in Sources */ = {isa = PBXBuildFile; fileRef = 00B5B1711C5B4BE000972097 /* ScreenReducer.swift */; };
		00E640C71C5B589200C85125 /* MainStore.swift in Sources */ = {isa = PBXBuildFile; fileRef = 00E640C61C5B589200C85125 /* MainStore.swift */; };
/* End PBXBuildFile section */

/* Begin PBXContainerItemProxy section */
		00B5B13E1C5B3CEB00972097 /* PBXContainerItemProxy */ = {
			isa = PBXContainerItemProxy;
			containerPortal = 00B5B1211C5B3CEB00972097 /* Project object */;
			proxyType = 1;
			remoteGlobalIDString = 00B5B1281C5B3CEB00972097;
			remoteInfo = "ASCII-Ducks";
		};
		00B5B1571C5B3D7D00972097 /* PBXContainerItemProxy */ = {
			isa = PBXContainerItemProxy;
			containerPortal = 00B5B14D1C5B3D7D00972097 /* ReSwift.xcodeproj */;
			proxyType = 2;
			remoteGlobalIDString = 625E66831C1FF97E0027C288;
			remoteInfo = "ReSwift-iOS";
		};
		00B5B1591C5B3D7D00972097 /* PBXContainerItemProxy */ = {
			isa = PBXContainerItemProxy;
			containerPortal = 00B5B14D1C5B3D7D00972097 /* ReSwift.xcodeproj */;
			proxyType = 2;
			remoteGlobalIDString = 625E669A1C1FFA3C0027C288;
			remoteInfo = "ReSwift-iOSTests";
		};
		00B5B15B1C5B3D7D00972097 /* PBXContainerItemProxy */ = {
			isa = PBXContainerItemProxy;
			containerPortal = 00B5B14D1C5B3D7D00972097 /* ReSwift.xcodeproj */;
			proxyType = 2;
			remoteGlobalIDString = 25DBCF7B1C30C4AA00D63A58;
			remoteInfo = "ReSwift-OSX";
		};
		00B5B15D1C5B3D7D00972097 /* PBXContainerItemProxy */ = {
			isa = PBXContainerItemProxy;
			containerPortal = 00B5B14D1C5B3D7D00972097 /* ReSwift.xcodeproj */;
			proxyType = 2;
			remoteGlobalIDString = 25DBCF871C30C4DB00D63A58;
			remoteInfo = "ReSwift-OSXTests";
		};
		00B5B15F1C5B3D7D00972097 /* PBXContainerItemProxy */ = {
			isa = PBXContainerItemProxy;
			containerPortal = 00B5B14D1C5B3D7D00972097 /* ReSwift.xcodeproj */;
			proxyType = 2;
			remoteGlobalIDString = 25DBCF4E1C30C18D00D63A58;
			remoteInfo = "ReSwift-tvOS";
		};
		00B5B1611C5B3D7D00972097 /* PBXContainerItemProxy */ = {
			isa = PBXContainerItemProxy;
			containerPortal = 00B5B14D1C5B3D7D00972097 /* ReSwift.xcodeproj */;
			proxyType = 2;
			remoteGlobalIDString = 25DBCF641C30C1AC00D63A58;
			remoteInfo = "ReSwift-tvOSTests";
		};
		00B5B1631C5B3D7D00972097 /* PBXContainerItemProxy */ = {
			isa = PBXContainerItemProxy;
			containerPortal = 00B5B14D1C5B3D7D00972097 /* ReSwift.xcodeproj */;
			proxyType = 2;
			remoteGlobalIDString = 25DBCF371C30BF2B00D63A58;
			remoteInfo = "ReSwift-watchOS";
		};
		00B5B1671C5B3D9700972097 /* PBXContainerItemProxy */ = {
			isa = PBXContainerItemProxy;
			containerPortal = 00B5B14D1C5B3D7D00972097 /* ReSwift.xcodeproj */;
			proxyType = 1;
			remoteGlobalIDString = 625E66821C1FF97E0027C288;
			remoteInfo = "ReSwift-iOS";
		};
/* End PBXContainerItemProxy section */

/* Begin PBXCopyFilesBuildPhase section */
		00B5B1691C5B3D9700972097 /* Embed Frameworks */ = {
			isa = PBXCopyFilesBuildPhase;
			buildActionMask = 2147483647;
			dstPath = "";
			dstSubfolderSpec = 10;
			files = (
				00B5B1661C5B3D9700972097 /* ReSwift.framework in Embed Frameworks */,
			);
			name = "Embed Frameworks";
			runOnlyForDeploymentPostprocessing = 0;
		};
/* End PBXCopyFilesBuildPhase section */

/* Begin PBXFileReference section */
		00B5B1291C5B3CEB00972097 /* ASCII-Ducks.app */ = {isa = PBXFileReference; explicitFileType = wrapper.application; includeInIndex = 0; path = "ASCII-Ducks.app"; sourceTree = BUILT_PRODUCTS_DIR; };
		00B5B12C1C5B3CEB00972097 /* AppDelegate.swift */ = {isa = PBXFileReference; lastKnownFileType = sourcecode.swift; path = AppDelegate.swift; sourceTree = "<group>"; };
		00B5B12E1C5B3CEB00972097 /* ViewController.swift */ = {isa = PBXFileReference; lastKnownFileType = sourcecode.swift; path = ViewController.swift; sourceTree = "<group>"; };
		00B5B1311C5B3CEB00972097 /* Base */ = {isa = PBXFileReference; lastKnownFileType = file.storyboard; name = Base; path = Base.lproj/Main.storyboard; sourceTree = "<group>"; };
		00B5B1331C5B3CEB00972097 /* Assets.xcassets */ = {isa = PBXFileReference; lastKnownFileType = folder.assetcatalog; path = Assets.xcassets; sourceTree = "<group>"; };
		00B5B1361C5B3CEB00972097 /* Base */ = {isa = PBXFileReference; lastKnownFileType = file.storyboard; name = Base; path = Base.lproj/LaunchScreen.storyboard; sourceTree = "<group>"; };
		00B5B1381C5B3CEB00972097 /* Info.plist */ = {isa = PBXFileReference; lastKnownFileType = text.plist.xml; path = Info.plist; sourceTree = "<group>"; };
		00B5B13D1C5B3CEB00972097 /* ASCII-DucksTests.xctest */ = {isa = PBXFileReference; explicitFileType = wrapper.cfbundle; includeInIndex = 0; path = "ASCII-DucksTests.xctest"; sourceTree = BUILT_PRODUCTS_DIR; };
		00B5B1411C5B3CEB00972097 /* ASCII_DucksTests.swift */ = {isa = PBXFileReference; lastKnownFileType = sourcecode.swift; path = ASCII_DucksTests.swift; sourceTree = "<group>"; };
		00B5B1431C5B3CEB00972097 /* Info.plist */ = {isa = PBXFileReference; lastKnownFileType = text.plist.xml; path = Info.plist; sourceTree = "<group>"; };
		00B5B14D1C5B3D7D00972097 /* ReSwift.xcodeproj */ = {isa = PBXFileReference; lastKnownFileType = "wrapper.pb-project"; name = ReSwift.xcodeproj; path = Modules/ReSwift/ReSwift.xcodeproj; sourceTree = "<group>"; };
		00B5B16D1C5B436900972097 /* AppState.swift */ = {isa = PBXFileReference; fileEncoding = 4; lastKnownFileType = sourcecode.swift; path = AppState.swift; sourceTree = "<group>"; };
		00B5B16F1C5B4AB600972097 /* ScreenNavigationAction.swift */ = {isa = PBXFileReference; fileEncoding = 4; lastKnownFileType = sourcecode.swift; path = ScreenNavigationAction.swift; sourceTree = "<group>"; };
		00B5B1711C5B4BE000972097 /* ScreenReducer.swift */ = {isa = PBXFileReference; fileEncoding = 4; lastKnownFileType = sourcecode.swift; path = ScreenReducer.swift; sourceTree = "<group>"; };
		00E640C61C5B589200C85125 /* MainStore.swift */ = {isa = PBXFileReference; fileEncoding = 4; lastKnownFileType = sourcecode.swift; path = MainStore.swift; sourceTree = "<group>"; };
/* End PBXFileReference section */

/* Begin PBXFrameworksBuildPhase section */
		00B5B1261C5B3CEB00972097 /* Frameworks */ = {
			isa = PBXFrameworksBuildPhase;
			buildActionMask = 2147483647;
			files = (
				00B5B1651C5B3D9700972097 /* ReSwift.framework in Frameworks */,
			);
			runOnlyForDeploymentPostprocessing = 0;
		};
		00B5B13A1C5B3CEB00972097 /* Frameworks */ = {
			isa = PBXFrameworksBuildPhase;
			buildActionMask = 2147483647;
			files = (
			);
			runOnlyForDeploymentPostprocessing = 0;
		};
/* End PBXFrameworksBuildPhase section */

/* Begin PBXGroup section */
		00B5B1201C5B3CEB00972097 = {
			isa = PBXGroup;
			children = (
				00B5B14C1C5B3D6D00972097 /* Modules */,
				00B5B12B1C5B3CEB00972097 /* ASCII-Ducks */,
				00B5B1401C5B3CEB00972097 /* ASCII-DucksTests */,
				00B5B12A1C5B3CEB00972097 /* Products */,
			);
			sourceTree = "<group>";
		};
		00B5B12A1C5B3CEB00972097 /* Products */ = {
			isa = PBXGroup;
			children = (
				00B5B1291C5B3CEB00972097 /* ASCII-Ducks.app */,
				00B5B13D1C5B3CEB00972097 /* ASCII-DucksTests.xctest */,
			);
			name = Products;
			sourceTree = "<group>";
		};
		00B5B12B1C5B3CEB00972097 /* ASCII-Ducks */ = {
			isa = PBXGroup;
			children = (
				00B5B16A1C5B3FD400972097 /* Actions */,
				00B5B16B1C5B3FD400972097 /* Reducers */,
				00B5B16C1C5B3FD400972097 /* Stores */,
				00B5B12C1C5B3CEB00972097 /* AppDelegate.swift */,
				00B5B12E1C5B3CEB00972097 /* ViewController.swift */,
				00B5B1301C5B3CEB00972097 /* Main.storyboard */,
				00B5B1331C5B3CEB00972097 /* Assets.xcassets */,
				00B5B1351C5B3CEB00972097 /* LaunchScreen.storyboard */,
				00B5B1381C5B3CEB00972097 /* Info.plist */,
			);
			path = "ASCII-Ducks";
			sourceTree = "<group>";
		};
		00B5B1401C5B3CEB00972097 /* ASCII-DucksTests */ = {
			isa = PBXGroup;
			children = (
				00B5B1411C5B3CEB00972097 /* ASCII_DucksTests.swift */,
				00B5B1431C5B3CEB00972097 /* Info.plist */,
			);
			path = "ASCII-DucksTests";
			sourceTree = "<group>";
		};
		00B5B14C1C5B3D6D00972097 /* Modules */ = {
			isa = PBXGroup;
			children = (
				00B5B14D1C5B3D7D00972097 /* ReSwift.xcodeproj */,
			);
			name = Modules;
			sourceTree = "<group>";
		};
		00B5B14E1C5B3D7D00972097 /* Products */ = {
			isa = PBXGroup;
			children = (
				00B5B1581C5B3D7D00972097 /* ReSwift.framework */,
				00B5B15A1C5B3D7D00972097 /* ReSwift-iOSTests.xctest */,
				00B5B15C1C5B3D7D00972097 /* ReSwift.framework */,
				00B5B15E1C5B3D7D00972097 /* ReSwift-OSXTests.xctest */,
				00B5B1601C5B3D7D00972097 /* ReSwift.framework */,
				00B5B1621C5B3D7D00972097 /* ReSwift-tvOSTests.xctest */,
				00B5B1641C5B3D7D00972097 /* ReSwift.framework */,
			);
			name = Products;
			sourceTree = "<group>";
		};
		00B5B16A1C5B3FD400972097 /* Actions */ = {
			isa = PBXGroup;
			children = (
				00B5B16F1C5B4AB600972097 /* ScreenNavigationAction.swift */,
			);
			path = Actions;
			sourceTree = "<group>";
		};
		00B5B16B1C5B3FD400972097 /* Reducers */ = {
			isa = PBXGroup;
			children = (
				00B5B1711C5B4BE000972097 /* ScreenReducer.swift */,
			);
			path = Reducers;
			sourceTree = "<group>";
		};
		00B5B16C1C5B3FD400972097 /* Stores */ = {
			isa = PBXGroup;
			children = (
				00B5B16D1C5B436900972097 /* AppState.swift */,
				00E640C61C5B589200C85125 /* MainStore.swift */,
			);
			path = Stores;
			sourceTree = "<group>";
		};
/* End PBXGroup section */

/* Begin PBXNativeTarget section */
		00B5B1281C5B3CEB00972097 /* ASCII-Ducks */ = {
			isa = PBXNativeTarget;
			buildConfigurationList = 00B5B1461C5B3CEB00972097 /* Build configuration list for PBXNativeTarget "ASCII-Ducks" */;
			buildPhases = (
				00B5B1251C5B3CEB00972097 /* Sources */,
				00B5B1261C5B3CEB00972097 /* Frameworks */,
				00B5B1271C5B3CEB00972097 /* Resources */,
				00B5B1691C5B3D9700972097 /* Embed Frameworks */,
			);
			buildRules = (
			);
			dependencies = (
				00B5B1681C5B3D9700972097 /* PBXTargetDependency */,
			);
			name = "ASCII-Ducks";
			productName = "ASCII-Ducks";
			productReference = 00B5B1291C5B3CEB00972097 /* ASCII-Ducks.app */;
			productType = "com.apple.product-type.application";
		};
		00B5B13C1C5B3CEB00972097 /* ASCII-DucksTests */ = {
			isa = PBXNativeTarget;
			buildConfigurationList = 00B5B1491C5B3CEB00972097 /* Build configuration list for PBXNativeTarget "ASCII-DucksTests" */;
			buildPhases = (
				00B5B1391C5B3CEB00972097 /* Sources */,
				00B5B13A1C5B3CEB00972097 /* Frameworks */,
				00B5B13B1C5B3CEB00972097 /* Resources */,
			);
			buildRules = (
			);
			dependencies = (
				00B5B13F1C5B3CEB00972097 /* PBXTargetDependency */,
			);
			name = "ASCII-DucksTests";
			productName = "ASCII-DucksTests";
			productReference = 00B5B13D1C5B3CEB00972097 /* ASCII-DucksTests.xctest */;
			productType = "com.apple.product-type.bundle.unit-test";
		};
/* End PBXNativeTarget section */

/* Begin PBXProject section */
		00B5B1211C5B3CEB00972097 /* Project object */ = {
			isa = PBXProject;
			attributes = {
				LastSwiftUpdateCheck = 0730;
				LastUpgradeCheck = 0730;
				ORGANIZATIONNAME = "Steve Riggins";
				TargetAttributes = {
					00B5B1281C5B3CEB00972097 = {
						CreatedOnToolsVersion = 7.3;
					};
					00B5B13C1C5B3CEB00972097 = {
						CreatedOnToolsVersion = 7.3;
						TestTargetID = 00B5B1281C5B3CEB00972097;
					};
				};
			};
			buildConfigurationList = 00B5B1241C5B3CEB00972097 /* Build configuration list for PBXProject "ASCII-Ducks" */;
			compatibilityVersion = "Xcode 3.2";
			developmentRegion = English;
			hasScannedForEncodings = 0;
			knownRegions = (
				en,
				Base,
			);
			mainGroup = 00B5B1201C5B3CEB00972097;
			productRefGroup = 00B5B12A1C5B3CEB00972097 /* Products */;
			projectDirPath = "";
			projectReferences = (
				{
					ProductGroup = 00B5B14E1C5B3D7D00972097 /* Products */;
					ProjectRef = 00B5B14D1C5B3D7D00972097 /* ReSwift.xcodeproj */;
				},
			);
			projectRoot = "";
			targets = (
				00B5B1281C5B3CEB00972097 /* ASCII-Ducks */,
				00B5B13C1C5B3CEB00972097 /* ASCII-DucksTests */,
			);
		};
/* End PBXProject section */

/* Begin PBXReferenceProxy section */
		00B5B1581C5B3D7D00972097 /* ReSwift.framework */ = {
			isa = PBXReferenceProxy;
			fileType = wrapper.framework;
			path = ReSwift.framework;
			remoteRef = 00B5B1571C5B3D7D00972097 /* PBXContainerItemProxy */;
			sourceTree = BUILT_PRODUCTS_DIR;
		};
		00B5B15A1C5B3D7D00972097 /* ReSwift-iOSTests.xctest */ = {
			isa = PBXReferenceProxy;
			fileType = wrapper.cfbundle;
			path = "ReSwift-iOSTests.xctest";
			remoteRef = 00B5B1591C5B3D7D00972097 /* PBXContainerItemProxy */;
			sourceTree = BUILT_PRODUCTS_DIR;
		};
		00B5B15C1C5B3D7D00972097 /* ReSwift.framework */ = {
			isa = PBXReferenceProxy;
			fileType = wrapper.framework;
			path = ReSwift.framework;
			remoteRef = 00B5B15B1C5B3D7D00972097 /* PBXContainerItemProxy */;
			sourceTree = BUILT_PRODUCTS_DIR;
		};
		00B5B15E1C5B3D7D00972097 /* ReSwift-OSXTests.xctest */ = {
			isa = PBXReferenceProxy;
			fileType = wrapper.cfbundle;
			path = "ReSwift-OSXTests.xctest";
			remoteRef = 00B5B15D1C5B3D7D00972097 /* PBXContainerItemProxy */;
			sourceTree = BUILT_PRODUCTS_DIR;
		};
		00B5B1601C5B3D7D00972097 /* ReSwift.framework */ = {
			isa = PBXReferenceProxy;
			fileType = wrapper.framework;
			path = ReSwift.framework;
			remoteRef = 00B5B15F1C5B3D7D00972097 /* PBXContainerItemProxy */;
			sourceTree = BUILT_PRODUCTS_DIR;
		};
		00B5B1621C5B3D7D00972097 /* ReSwift-tvOSTests.xctest */ = {
			isa = PBXReferenceProxy;
			fileType = wrapper.cfbundle;
			path = "ReSwift-tvOSTests.xctest";
			remoteRef = 00B5B1611C5B3D7D00972097 /* PBXContainerItemProxy */;
			sourceTree = BUILT_PRODUCTS_DIR;
		};
		00B5B1641C5B3D7D00972097 /* ReSwift.framework */ = {
			isa = PBXReferenceProxy;
			fileType = wrapper.framework;
			path = ReSwift.framework;
			remoteRef = 00B5B1631C5B3D7D00972097 /* PBXContainerItemProxy */;
			sourceTree = BUILT_PRODUCTS_DIR;
		};
/* End PBXReferenceProxy section */

/* Begin PBXResourcesBuildPhase section */
		00B5B1271C5B3CEB00972097 /* Resources */ = {
			isa = PBXResourcesBuildPhase;
			buildActionMask = 2147483647;
			files = (
				00B5B1371C5B3CEB00972097 /* LaunchScreen.storyboard in Resources */,
				00B5B1341C5B3CEB00972097 /* Assets.xcassets in Resources */,
				00B5B1321C5B3CEB00972097 /* Main.storyboard in Resources */,
			);
			runOnlyForDeploymentPostprocessing = 0;
		};
		00B5B13B1C5B3CEB00972097 /* Resources */ = {
			isa = PBXResourcesBuildPhase;
			buildActionMask = 2147483647;
			files = (
			);
			runOnlyForDeploymentPostprocessing = 0;
		};
/* End PBXResourcesBuildPhase section */

/* Begin PBXSourcesBuildPhase section */
		00B5B1251C5B3CEB00972097 /* Sources */ = {
			isa = PBXSourcesBuildPhase;
			buildActionMask = 2147483647;
			files = (
				00B5B16E1C5B436900972097 /* AppState.swift in Sources */,
				00B5B1701C5B4AB600972097 /* ScreenNavigationAction.swift in Sources */,
				00B5B12F1C5B3CEB00972097 /* ViewController.swift in Sources */,
				00B5B12D1C5B3CEB00972097 /* AppDelegate.swift in Sources */,
				00E640C71C5B589200C85125 /* MainStore.swift in Sources */,
				00B5B1721C5B4BE000972097 /* ScreenReducer.swift in Sources */,
			);
			runOnlyForDeploymentPostprocessing = 0;
		};
		00B5B1391C5B3CEB00972097 /* Sources */ = {
			isa = PBXSourcesBuildPhase;
			buildActionMask = 2147483647;
			files = (
				00B5B1421C5B3CEB00972097 /* ASCII_DucksTests.swift in Sources */,
			);
			runOnlyForDeploymentPostprocessing = 0;
		};
/* End PBXSourcesBuildPhase section */

/* Begin PBXTargetDependency section */
		00B5B13F1C5B3CEB00972097 /* PBXTargetDependency */ = {
			isa = PBXTargetDependency;
			target = 00B5B1281C5B3CEB00972097 /* ASCII-Ducks */;
			targetProxy = 00B5B13E1C5B3CEB00972097 /* PBXContainerItemProxy */;
		};
		00B5B1681C5B3D9700972097 /* PBXTargetDependency */ = {
			isa = PBXTargetDependency;
			name = "ReSwift-iOS";
			targetProxy = 00B5B1671C5B3D9700972097 /* PBXContainerItemProxy */;
		};
/* End PBXTargetDependency section */

/* Begin PBXVariantGroup section */
		00B5B1301C5B3CEB00972097 /* Main.storyboard */ = {
			isa = PBXVariantGroup;
			children = (
				00B5B1311C5B3CEB00972097 /* Base */,
			);
			name = Main.storyboard;
			sourceTree = "<group>";
		};
		00B5B1351C5B3CEB00972097 /* LaunchScreen.storyboard */ = {
			isa = PBXVariantGroup;
			children = (
				00B5B1361C5B3CEB00972097 /* Base */,
			);
			name = LaunchScreen.storyboard;
			sourceTree = "<group>";
		};
/* End PBXVariantGroup section */

/* Begin XCBuildConfiguration section */
		00B5B1441C5B3CEB00972097 /* Debug */ = {
			isa = XCBuildConfiguration;
			buildSettings = {
				ALWAYS_SEARCH_USER_PATHS = NO;
				CLANG_CXX_LANGUAGE_STANDARD = "gnu++0x";
				CLANG_CXX_LIBRARY = "libc++";
				CLANG_ENABLE_MODULES = YES;
				CLANG_ENABLE_OBJC_ARC = YES;
				CLANG_WARN_BOOL_CONVERSION = YES;
				CLANG_WARN_CONSTANT_CONVERSION = YES;
				CLANG_WARN_DIRECT_OBJC_ISA_USAGE = YES_ERROR;
				CLANG_WARN_EMPTY_BODY = YES;
				CLANG_WARN_ENUM_CONVERSION = YES;
				CLANG_WARN_INT_CONVERSION = YES;
				CLANG_WARN_OBJC_ROOT_CLASS = YES_ERROR;
				CLANG_WARN_UNREACHABLE_CODE = YES;
				CLANG_WARN__DUPLICATE_METHOD_MATCH = YES;
				"CODE_SIGN_IDENTITY[sdk=iphoneos*]" = "iPhone Developer";
				COPY_PHASE_STRIP = NO;
				DEBUG_INFORMATION_FORMAT = dwarf;
				ENABLE_STRICT_OBJC_MSGSEND = YES;
				ENABLE_TESTABILITY = YES;
				GCC_C_LANGUAGE_STANDARD = gnu99;
				GCC_DYNAMIC_NO_PIC = NO;
				GCC_NO_COMMON_BLOCKS = YES;
				GCC_OPTIMIZATION_LEVEL = 0;
				GCC_PREPROCESSOR_DEFINITIONS = (
					"DEBUG=1",
					"$(inherited)",
				);
				GCC_WARN_64_TO_32_BIT_CONVERSION = YES;
				GCC_WARN_ABOUT_RETURN_TYPE = YES_ERROR;
				GCC_WARN_UNDECLARED_SELECTOR = YES;
				GCC_WARN_UNINITIALIZED_AUTOS = YES_AGGRESSIVE;
				GCC_WARN_UNUSED_FUNCTION = YES;
				GCC_WARN_UNUSED_VARIABLE = YES;
				IPHONEOS_DEPLOYMENT_TARGET = 9.3;
				MTL_ENABLE_DEBUG_INFO = YES;
				ONLY_ACTIVE_ARCH = YES;
				SDKROOT = iphoneos;
				SWIFT_OPTIMIZATION_LEVEL = "-Onone";
			};
			name = Debug;
		};
		00B5B1451C5B3CEB00972097 /* Release */ = {
			isa = XCBuildConfiguration;
			buildSettings = {
				ALWAYS_SEARCH_USER_PATHS = NO;
				CLANG_CXX_LANGUAGE_STANDARD = "gnu++0x";
				CLANG_CXX_LIBRARY = "libc++";
				CLANG_ENABLE_MODULES = YES;
				CLANG_ENABLE_OBJC_ARC = YES;
				CLANG_WARN_BOOL_CONVERSION = YES;
				CLANG_WARN_CONSTANT_CONVERSION = YES;
				CLANG_WARN_DIRECT_OBJC_ISA_USAGE = YES_ERROR;
				CLANG_WARN_EMPTY_BODY = YES;
				CLANG_WARN_ENUM_CONVERSION = YES;
				CLANG_WARN_INT_CONVERSION = YES;
				CLANG_WARN_OBJC_ROOT_CLASS = YES_ERROR;
				CLANG_WARN_UNREACHABLE_CODE = YES;
				CLANG_WARN__DUPLICATE_METHOD_MATCH = YES;
				"CODE_SIGN_IDENTITY[sdk=iphoneos*]" = "iPhone Developer";
				COPY_PHASE_STRIP = NO;
				DEBUG_INFORMATION_FORMAT = "dwarf-with-dsym";
				ENABLE_NS_ASSERTIONS = NO;
				ENABLE_STRICT_OBJC_MSGSEND = YES;
				GCC_C_LANGUAGE_STANDARD = gnu99;
				GCC_NO_COMMON_BLOCKS = YES;
				GCC_WARN_64_TO_32_BIT_CONVERSION = YES;
				GCC_WARN_ABOUT_RETURN_TYPE = YES_ERROR;
				GCC_WARN_UNDECLARED_SELECTOR = YES;
				GCC_WARN_UNINITIALIZED_AUTOS = YES_AGGRESSIVE;
				GCC_WARN_UNUSED_FUNCTION = YES;
				GCC_WARN_UNUSED_VARIABLE = YES;
				IPHONEOS_DEPLOYMENT_TARGET = 9.3;
				MTL_ENABLE_DEBUG_INFO = NO;
				SDKROOT = iphoneos;
				VALIDATE_PRODUCT = YES;
			};
			name = Release;
		};
		00B5B1471C5B3CEB00972097 /* Debug */ = {
			isa = XCBuildConfiguration;
			buildSettings = {
				ASSETCATALOG_COMPILER_APPICON_NAME = AppIcon;
				EMBEDDED_CONTENT_CONTAINS_SWIFT = YES;
				INFOPLIST_FILE = "ASCII-Ducks/Info.plist";
				LD_RUNPATH_SEARCH_PATHS = "$(inherited) @executable_path/Frameworks";
				PRODUCT_BUNDLE_IDENTIFIER = "net.steveriggins.ASCII-Ducks";
				PRODUCT_NAME = "$(TARGET_NAME)";
			};
			name = Debug;
		};
		00B5B1481C5B3CEB00972097 /* Release */ = {
			isa = XCBuildConfiguration;
			buildSettings = {
				ASSETCATALOG_COMPILER_APPICON_NAME = AppIcon;
				EMBEDDED_CONTENT_CONTAINS_SWIFT = YES;
				INFOPLIST_FILE = "ASCII-Ducks/Info.plist";
				LD_RUNPATH_SEARCH_PATHS = "$(inherited) @executable_path/Frameworks";
				PRODUCT_BUNDLE_IDENTIFIER = "net.steveriggins.ASCII-Ducks";
				PRODUCT_NAME = "$(TARGET_NAME)";
			};
			name = Release;
		};
		00B5B14A1C5B3CEB00972097 /* Debug */ = {
			isa = XCBuildConfiguration;
			buildSettings = {
				BUNDLE_LOADER = "$(TEST_HOST)";
				INFOPLIST_FILE = "ASCII-DucksTests/Info.plist";
				LD_RUNPATH_SEARCH_PATHS = "$(inherited) @executable_path/Frameworks @loader_path/Frameworks";
				PRODUCT_BUNDLE_IDENTIFIER = "net.steveriggins.ASCII-DucksTests";
				PRODUCT_NAME = "$(TARGET_NAME)";
				TEST_HOST = "$(BUILT_PRODUCTS_DIR)/ASCII-Ducks.app/ASCII-Ducks";
			};
			name = Debug;
		};
		00B5B14B1C5B3CEB00972097 /* Release */ = {
			isa = XCBuildConfiguration;
			buildSettings = {
				BUNDLE_LOADER = "$(TEST_HOST)";
				INFOPLIST_FILE = "ASCII-DucksTests/Info.plist";
				LD_RUNPATH_SEARCH_PATHS = "$(inherited) @executable_path/Frameworks @loader_path/Frameworks";
				PRODUCT_BUNDLE_IDENTIFIER = "net.steveriggins.ASCII-DucksTests";
				PRODUCT_NAME = "$(TARGET_NAME)";
				TEST_HOST = "$(BUILT_PRODUCTS_DIR)/ASCII-Ducks.app/ASCII-Ducks";
			};
			name = Release;
		};
/* End XCBuildConfiguration section */

/* Begin XCConfigurationList section */
		00B5B1241C5B3CEB00972097 /* Build configuration list for PBXProject "ASCII-Ducks" */ = {
			isa = XCConfigurationList;
			buildConfigurations = (
				00B5B1441C5B3CEB00972097 /* Debug */,
				00B5B1451C5B3CEB00972097 /* Release */,
			);
			defaultConfigurationIsVisible = 0;
			defaultConfigurationName = Release;
		};
		00B5B1461C5B3CEB00972097 /* Build configuration list for PBXNativeTarget "ASCII-Ducks" */ = {
			isa = XCConfigurationList;
			buildConfigurations = (
				00B5B1471C5B3CEB00972097 /* Debug */,
				00B5B1481C5B3CEB00972097 /* Release */,
			);
			defaultConfigurationIsVisible = 0;
			defaultConfigurationName = Release;
		};
		00B5B1491C5B3CEB00972097 /* Build configuration list for PBXNativeTarget "ASCII-DucksTests" */ = {
			isa = XCConfigurationList;
			buildConfigurations = (
				00B5B14A1C5B3CEB00972097 /* Debug */,
				00B5B14B1C5B3CEB00972097 /* Release */,
			);
			defaultConfigurationIsVisible = 0;
			defaultConfigurationName = Release;
		};
/* End XCConfigurationList section */
	};
	rootObject = 00B5B1211C5B3CEB00972097 /* Project object */;
}
